# This file was autogenerated by Stack.
# You should not edit this file by hand.
# For more information, please see the documentation at:
#   https://docs.haskellstack.org/en/stable/lock_files

packages:
- completed:
    commit: 494dcf620577f96bc797f1ba7f75d9053079c12f
    git: https://github.com/positiondev/larceny.git
    name: larceny
    pantry-tree:
      sha256: 874d661db16b1471066f0431cbe38807e9bc68ee0c6e1797041d0737f6c583b7
      size: 2804
    version: 0.3.2
  original:
    commit: 494dcf620577f96bc797f1ba7f75d9053079c12f
    git: https://github.com/positiondev/larceny.git
- completed:
    hackage: html-entities-1.1.4.2@sha256:acf28f011c2b65a40e7ce8efc84e7c3ee775ace44741cf074d66d346cb57add6,1829
    pantry-tree:
      sha256: 91a3a31abddcdc676d7e64166fbb0a180b9652a7014260eae538881bd7fe924c
      size: 586
  original:
    hackage: html-entities-1.1.4.2
- completed:
    hackage: logging-3.0.6@sha256:458420ca2d899b9bd1a8775d46948f14c080ccc5d10d4cae5fbe79d85ebf4ce0,2377
    pantry-tree:
      sha256: 67be55bfd1ac73e849018ae17b17f1b30f13d207020cd0efcd7d5e6cf69d4419
      size: 264
  original:
    hackage: logging-3.0.6
- completed:
    hackage: rollbar-wai-1.1.0@sha256:e0573a78bc5ce83fb920c4c418b1bff1f3bfb3c43e604adb96d825e14ad934dc,2607
    pantry-tree:
      sha256: 22ed756fbacfcd84c37766c10fc5a9d448e9291a1823087f0b5192215c6cb734
      size: 484
  original:
    hackage: rollbar-wai-1.1.0@sha256:e0573a78bc5ce83fb920c4c418b1bff1f3bfb3c43e604adb96d825e14ad934dc,2607
- completed:
    hackage: rollbar-client-1.1.0@sha256:5e0d2cb2270e36becd37575914b9dc47ba184bf47d0124f3c2a55a264a0eb0b6,2590
    pantry-tree:
      sha256: f607cdd124431205a66a8127ea493e5f15990bfe16a7cef501e5f1d5c70c6219
      size: 839
  original:
    hackage: rollbar-client-1.1.0@sha256:5e0d2cb2270e36becd37575914b9dc47ba184bf47d0124f3c2a55a264a0eb0b6,2590
- completed:
    hackage: dotenv-0.11.0.2@sha256:5f1ff6ca49afe7a598051ac34ba67ab7d946ff722a3725f5e03b530b18510f87,4629
    pantry-tree:
      sha256: 5aab0f32179c7d3f8e9f7a494acefe377dd0686568a7633e475b8db6d6c9c001
      size: 1302
  original:
    hackage: dotenv-0.11.0.2@sha256:5f1ff6ca49afe7a598051ac34ba67ab7d946ff722a3725f5e03b530b18510f87,4629
- completed:
    hackage: wai-middleware-rollbar-0.11.0@sha256:d6cc20c654affe88de50db482134b3864ec8d8f7eaf15f8967b3759054c8681d,1727
    pantry-tree:
      sha256: b3c2b417a484513600d9893df60592503fab465725069a6e32229e42e1278643
      size: 378
  original:
    hackage: wai-middleware-rollbar-0.11.0@sha256:d6cc20c654affe88de50db482134b3864ec8d8f7eaf15f8967b3759054c8681d,1727
snapshots:
- completed:
    sha256: 5f4489ac0c364ec4140f885e8266055e2650322bf8b6af7839a793fbc5c0d288
    size: 726103
    url: https://raw.githubusercontent.com/commercialhaskell/stackage-snapshots/master/lts/24/15.yaml
  original: lts-24.15
